
Microsoft Visual Studio Solution File, Format Version 12.00
Project("{FAE04EC0-301F-11D3-BF4B-00C04F79EFBC}") = "GameInv", "GameInv\GameInv.csproj", "{A52E2498-1A23-4A3E-8EE5-E817D66A9E9C}"
EndProject
Project("{FAE04EC0-301F-11D3-BF4B-00C04F79EFBC}") = "GameInv-WPF", "GameInv-WPF\GameInv-WPF.csproj", "{EEAB5243-BB2E-4868-BCCB-119A94A56EE0}"
EndProject
Global
	GlobalSection(SolutionConfigurationPlatforms) = preSolution
		Debug|Any CPU = Debug|Any CPU
		Release|Any CPU = Release|Any CPU
	EndGlobalSection
	GlobalSection(ProjectConfigurationPlatforms) = postSolution
		{A52E2498-1A23-4A3E-8EE5-E817D66A9E9C}.Debug|Any CPU.ActiveCfg = Debug|Any CPU
		{A52E2498-1A23-4A3E-8EE5-E817D66A9E9C}.Debug|Any CPU.Build.0 = Debug|Any CPU
		{A52E2498-1A23-4A3E-8EE5-E817D66A9E9C}.Release|Any CPU.ActiveCfg = Release|Any CPU
		{A52E2498-1A23-4A3E-8EE5-E817D66A9E9C}.Release|Any CPU.Build.0 = Release|Any CPU
		{EEAB5243-BB2E-4868-BCCB-119A94A56EE0}.Debug|Any CPU.ActiveCfg = Debug|Any CPU
		{EEAB5243-BB2E-4868-BCCB-119A94A56EE0}.Debug|Any CPU.Build.0 = Debug|Any CPU
		{EEAB5243-BB2E-4868-BCCB-119A94A56EE0}.Release|Any CPU.ActiveCfg = Release|Any CPU
		{EEAB5243-BB2E-4868-BCCB-119A94A56EE0}.Release|Any CPU.Build.0 = Release|Any CPU
	EndGlobalSection
EndGlobal
